
Microsoft Visual Studio Solution File, Format Version 12.00
# Visual Studio Version 17
VisualStudioVersion = 17.3.32929.385
MinimumVisualStudioVersion = 10.0.40219.1
Project("{FAE04EC0-301F-11D3-BF4B-00C04F79EFBC}") = "Discord Cache Exporter", "Discord Cache Exporter\Discord Cache Exporter.csproj", "{629955DD-19DF-4F3A-90E7-B2D78E1F5677}"
EndProject
Global
	GlobalSection(SolutionConfigurationPlatforms) = preSolution
		Debug|Any CPU = Debug|Any CPU
		Release|Any CPU = Release|Any CPU
	EndGlobalSection
	GlobalSection(ProjectConfigurationPlatforms) = postSolution
		{629955DD-19DF-4F3A-90E7-B2D78E1F5677}.Debug|Any CPU.ActiveCfg = Debug|Any CPU
		{629955DD-19DF-4F3A-90E7-B2D78E1F5677}.Debug|Any CPU.Build.0 = Debug|Any CPU
		{629955DD-19DF-4F3A-90E7-B2D78E1F5677}.Release|Any CPU.ActiveCfg = Release|Any CPU
		{629955DD-19DF-4F3A-90E7-B2D78E1F5677}.Release|Any CPU.Build.0 = Release|Any CPU
	EndGlobalSection
	GlobalSection(SolutionProperties) = preSolution
		HideSolutionNode = FALSE
	EndGlobalSection
	GlobalSection(ExtensibilityGlobals) = postSolution
		SolutionGuid = {971EE814-E9F4-43B1-95EB-07ACEA09942C}
	EndGlobalSection
EndGlobal
